
Microsoft Visual Studio Solution File, Format Version 12.00
# Visual Studio Version 17
VisualStudioVersion = 17.6.33712.159
MinimumVisualStudioVersion = 10.0.40219.1
Project("{FAE04EC0-301F-11D3-BF4B-00C04F79EFBC}") = "APIsTrainME", "APIsTrainME.csproj", "{B742E438-4C3F-49A7-9421-C67C9DFC892B}"
EndProject
Global
	GlobalSection(SolutionConfigurationPlatforms) = preSolution
		Debug|Any CPU = Debug|Any CPU
		Release|Any CPU = Release|Any CPU
	EndGlobalSection
	GlobalSection(ProjectConfigurationPlatforms) = postSolution
		{B742E438-4C3F-49A7-9421-C67C9DFC892B}.Debug|Any CPU.ActiveCfg = Debug|Any CPU
		{B742E438-4C3F-49A7-9421-C67C9DFC892B}.Debug|Any CPU.Build.0 = Debug|Any CPU
		{B742E438-4C3F-49A7-9421-C67C9DFC892B}.Release|Any CPU.ActiveCfg = Release|Any CPU
		{B742E438-4C3F-49A7-9421-C67C9DFC892B}.Release|Any CPU.Build.0 = Release|Any CPU
	EndGlobalSection
	GlobalSection(SolutionProperties) = preSolution
		HideSolutionNode = FALSE
	EndGlobalSection
	GlobalSection(ExtensibilityGlobals) = postSolution
		SolutionGuid = {65370E5B-6AF8-4330-9267-8A262C27C552}
	EndGlobalSection
EndGlobal
